[[package]]
name = "amqp"
version = "5.1.1"
description = "Low-level AMQP client for Python (fork of amqplib)."
category = "main"
optional = false
python-versions = ">=3.6"

[package.dependencies]
vine = ">=5.0.0"

[[package]]
name = "argon2-cffi"
version = "21.1.0"
description = "The secure Argon2 password hashing algorithm."
category = "main"
optional = false
python-versions = ">=3.5"

[package.dependencies]
cffi = ">=1.0.0"

[package.extras]
dev = ["coverage[toml] (>=5.0.2)", "hypothesis", "pytest", "sphinx", "furo", "wheel", "pre-commit"]
docs = ["sphinx", "furo"]
tests = ["coverage[toml] (>=5.0.2)", "hypothesis", "pytest"]

[[package]]
name = "asgiref"
version = "3.5.2"
description = "ASGI specs, helper code, and adapters"
category = "main"
optional = false
python-versions = ">=3.7"

[package.extras]
tests = ["pytest", "pytest-asyncio", "mypy (>=0.800)"]

[[package]]
name = "async-timeout"
version = "4.0.2"
description = "Timeout context manager for asyncio programs"
category = "main"
optional = false
python-versions = ">=3.6"

[[package]]
name = "certifi"
version = "2022.6.15"
description = "Python package for providing Mozilla's CA Bundle."
category = "main"
optional = false
python-versions = ">=3.6"

[[package]]
name = "cffi"
version = "1.15.1"
description = "Foreign Function Interface for Python calling C code."
category = "main"
optional = false
python-versions = "*"

[package.dependencies]
pycparser = "*"

[[package]]
name = "charset-normalizer"
version = "2.0.12"
description = "The Real First Universal Charset Detector. Open, modern and actively maintained alternative to Chardet."
category = "main"
optional = false
python-versions = ">=3.5.0"

[package.extras]
unicode_backport = ["unicodedata2"]

[[package]]
name = "deprecated"
version = "1.2.13"
description = "Python @deprecated decorator to deprecate old python classes, functions or methods."
category = "main"
optional = false
python-versions = ">=2.7, !=3.0.*, !=3.1.*, !=3.2.*, !=3.3.*"

[package.dependencies]
wrapt = ">=1.10,<2"

[package.extras]
dev = ["pytest-cov", "pytest", "PyTest-Cov (<2.6)", "PyTest (<5)", "zipp (<2)", "sphinxcontrib-websupport (<2)", "configparser (<5)", "importlib-resources (<4)", "importlib-metadata (<3)", "sphinx (<2)", "bump2version (<1)", "tox"]

[[package]]
name = "deworld"
version = "0.2.3"
description = "Developing world - python world generator."
category = "main"
optional = false
python-versions = ">=3.6,<4.0"

[[package]]
name = "django"
version = "3.2.15"
description = "A high-level Python Web framework that encourages rapid development and clean, pragmatic design."
category = "main"
optional = false
python-versions = ">=3.6"

[package.dependencies]
asgiref = ">=3.3.2,<4"
pytz = "*"
sqlparse = ">=0.2.2"

[package.extras]
bcrypt = ["bcrypt"]
argon2 = ["argon2-cffi (>=19.1.0)"]

[[package]]
name = "django-redis"
version = "5.0.0"
description = "Full featured redis cache backend for Django."
category = "main"
optional = false
python-versions = ">=3.6"

[package.dependencies]
Django = ">=2.2"
redis = ">=3.0.0"

[[package]]
name = "django-test-without-migrations"
version = "0.6"
description = "Disable migrations when running your Django tests."
category = "dev"
optional = false
python-versions = "*"

[[package]]
name = "gunicorn"
version = "20.1.0"
description = "WSGI HTTP Server for UNIX"
category = "main"
optional = false
python-versions = ">=3.5"

[package.extras]
eventlet = ["eventlet (>=0.24.1)"]
gevent = ["gevent (>=1.4.0)"]
setproctitle = ["setproctitle"]
tornado = ["tornado (>=0.2)"]

[[package]]
name = "hiredis"
version = "2.0.0"
description = "Python wrapper for hiredis"
category = "main"
optional = false
python-versions = ">=3.6"

[[package]]
name = "idna"
version = "3.3"
description = "Internationalized Domain Names in Applications (IDNA)"
category = "main"
optional = false
python-versions = ">=3.5"

[[package]]
name = "jinja2"
version = "3.0.2"
description = "A very fast and expressive template engine."
category = "main"
optional = false
python-versions = ">=3.6"

[package.dependencies]
MarkupSafe = ">=2.0"

[package.extras]
i18n = ["Babel (>=2.7)"]

[[package]]
name = "kombu"
version = "5.2.1"
description = "Messaging library for Python."
category = "main"
optional = false
python-versions = ">=3.7"

[package.dependencies]
amqp = ">=5.0.6,<6.0.0"
vine = "*"

[package.extras]
zookeeper = ["kazoo (>=1.3.1)"]
yaml = ["PyYAML (>=3.10)"]
sqs = ["urllib3 (>=1.26.7)", "pycurl (>=7.44.1,<7.45.0)", "boto3 (>=1.9.12)"]
sqlalchemy = ["sqlalchemy"]
slmq = ["softlayer-messaging (>=1.0.3)"]
redis = ["redis (>=3.4.1)"]
qpid = ["qpid-tools (>=0.26)", "qpid-python (>=0.26)"]
pyro = ["pyro4"]
msgpack = ["msgpack"]
mongodb = ["pymongo (>=3.3.0,<3.12.1)"]
librabbitmq = ["librabbitmq (>=2.0.0)"]
consul = ["python-consul (>=0.6.0)"]
azurestoragequeues = ["azure-storage-queue"]
azureservicebus = ["azure-servicebus (>=7.0.0)"]

[[package]]
name = "markdown"
version = "3.3.4"
description = "Python implementation of Markdown."
category = "main"
optional = false
python-versions = ">=3.6"

[package.extras]
testing = ["pyyaml", "coverage"]

[[package]]
name = "markupsafe"
version = "2.0.1"
description = "Safely add untrusted strings to HTML/XML markup."
category = "main"
optional = false
python-versions = ">=3.6"

[[package]]
name = "packaging"
version = "21.3"
description = "Core utilities for Python packages"
category = "main"
optional = false
python-versions = ">=3.6"

[package.dependencies]
pyparsing = ">=2.0.2,<3.0.5 || >3.0.5"

[[package]]
name = "postmarkup"
version = "1.2.2"
description = "BBCode to (X)HTML rendering engine"
category = "main"
optional = false
python-versions = "*"

[[package]]
name = "protobuf"
version = "3.19.1"
description = "Protocol Buffers"
category = "main"
optional = false
python-versions = ">=3.5"

[[package]]
name = "psutil"
version = "5.8.0"
description = "Cross-platform lib for process and system monitoring in Python."
category = "main"
optional = false
python-versions = ">=2.6, !=3.0.*, !=3.1.*, !=3.2.*, !=3.3.*"

[package.extras]
test = ["wmi", "pywin32", "enum34", "unittest2", "mock", "ipaddress"]

[[package]]
name = "psycopg2"
version = "2.9.1"
description = "psycopg2 - Python-PostgreSQL Database Adapter"
category = "main"
optional = false
python-versions = ">=3.6"

[[package]]
name = "pycparser"
version = "2.21"
description = "C parser in Python"
category = "main"
optional = false
python-versions = ">=2.7, !=3.0.*, !=3.1.*, !=3.2.*, !=3.3.*"

[[package]]
name = "pynames"
version = "0.2.4"
description = "Name generation library."
category = "main"
optional = false
python-versions = ">=3.6,<4.0"

[package.dependencies]
unicodecsv = ">=0.14,<0.15"

[[package]]
name = "pyparsing"
version = "3.0.9"
description = "pyparsing module - Classes and methods to define and execute parsing grammars"
category = "main"
optional = false
python-versions = ">=3.6.8"

[package.extras]
diagrams = ["railroad-diagrams", "jinja2"]

[[package]]
name = "pytz"
version = "2022.2.1"
description = "World timezone definitions, modern and historical"
category = "main"
optional = false
python-versions = "*"

[[package]]
name = "questgen"
version = "0.4.2"
description = "Generator of nonlenear quests with events and flow validating."
category = "main"
optional = false
python-versions = ">=3.6,<4.0"

[[package]]
name = "redis"
version = "4.3.4"
description = "Python client for Redis database and key-value store"
category = "main"
optional = false
python-versions = ">=3.6"

[package.dependencies]
async-timeout = ">=4.0.2"
deprecated = ">=1.2.3"
packaging = ">=20.4"

[package.extras]
ocsp = ["requests (>=2.26.0)", "pyopenssl (==20.0.1)", "cryptography (>=36.0.1)"]
hiredis = ["hiredis (>=1.0.0)"]

[[package]]
name = "rels"
version = "0.3.1"
description = "Library for describing data relations in python (Enums, \"relational\" tables)"
category = "main"
optional = false
python-versions = "*"

[[package]]
name = "requests"
version = "2.26.0"
description = "Python HTTP for Humans."
category = "main"
optional = false
python-versions = ">=2.7, !=3.0.*, !=3.1.*, !=3.2.*, !=3.3.*, !=3.4.*, !=3.5.*"

[package.dependencies]
certifi = ">=2017.4.17"
charset-normalizer = {version = ">=2.0.0,<2.1.0", markers = "python_version >= \"3\""}
idna = {version = ">=2.5,<4", markers = "python_version >= \"3\""}
urllib3 = ">=1.21.1,<1.27"

[package.extras]
use_chardet_on_py3 = ["chardet (>=3.0.2,<5)"]
socks = ["win-inet-pton", "PySocks (>=1.5.6,!=1.5.7)"]

[[package]]
name = "sentry-sdk"
version = "1.4.3"
description = "Python client for Sentry (https://sentry.io)"
category = "main"
optional = false
python-versions = "*"

[package.dependencies]
certifi = "*"
urllib3 = ">=1.10.0"

[package.extras]
tornado = ["tornado (>=5)"]
sqlalchemy = ["sqlalchemy (>=1.2)"]
sanic = ["sanic (>=0.8)"]
rq = ["rq (>=0.6)"]
pyspark = ["pyspark (>=2.4.4)"]
pure_eval = ["asttokens", "executing", "pure-eval"]
httpx = ["httpx (>=0.16.0)"]
flask = ["blinker (>=1.1)", "flask (>=0.11)"]
falcon = ["falcon (>=1.4)"]
django = ["django (>=1.8)"]
chalice = ["chalice (>=1.16.0)"]
celery = ["celery (>=3)"]
bottle = ["bottle (>=0.12.13)"]
beam = ["apache-beam (>=2.12)"]
aiohttp = ["aiohttp (>=3.5)"]

[[package]]
name = "smart-imports"
version = "0.2.7"
description = "Automatic importing for Python modules."
category = "main"
optional = false
python-versions = ">=3.5"

[[package]]
name = "sqlparse"
version = "0.4.2"
description = "A non-validating SQL parser."
category = "main"
optional = false
python-versions = ">=3.5"

[[package]]
name = "tt-calendar"
version = "0.1"
description = "Calendar library for The Tale."
category = "main"
optional = false
python-versions = "^3.10"
develop = true

[package.source]
type = "directory"
url = "../tt_calendar"

[[package]]
name = "tt-logic"
version = "0.1"
description = "Pure logic for The Tale."
category = "main"
optional = false
python-versions = "^3.10"
develop = true

[package.source]
type = "directory"
url = "../tt_logic"

[[package]]
name = "tt-protocol"
version = "0.1"
description = "The Tale protocol buffers communication protocol desctiption."
category = "main"
optional = false
python-versions = "^3.10"
develop = true

[package.dependencies]
protobuf = "3.19.1"

[package.source]
type = "directory"
url = "../tt_protocol"

[[package]]
name = "typeguard"
version = "2.13.0"
description = "Run-time type checker for Python"
category = "dev"
optional = false
python-versions = ">=3.5.3"

[package.extras]
test = ["mypy", "typing-extensions", "pytest"]
doc = ["sphinx-autodoc-typehints (>=1.2.0)", "sphinx-rtd-theme"]

[[package]]
name = "unicodecsv"
version = "0.14.1"
description = "Python2's stdlib csv module is nice, but it doesn't support unicode. This module is a drop-in replacement which *does*."
category = "main"
optional = false
python-versions = "*"

[[package]]
name = "urllib3"
version = "1.26.11"
description = "HTTP library with thread-safe connection pooling, file post, and more."
category = "main"
optional = false
python-versions = ">=2.7, !=3.0.*, !=3.1.*, !=3.2.*, !=3.3.*, !=3.4.*, !=3.5.*, <4"

[package.extras]
socks = ["PySocks (>=1.5.6,!=1.5.7,<2.0)"]
secure = ["ipaddress", "certifi", "idna (>=2.0.0)", "cryptography (>=1.3.4)", "pyOpenSSL (>=0.14)"]
brotli = ["brotlipy (>=0.6.0)", "brotli (>=1.0.9)", "brotlicffi (>=0.8.0)"]

[[package]]
name = "utg"
version = "0.3.1"
description = "Генератор связанного русского текста"
category = "main"
optional = false
python-versions = "*"

[[package]]
name = "vine"
version = "5.0.0"
description = "Promises, promises, promises."
category = "main"
optional = false
python-versions = ">=3.6"

[[package]]
name = "wrapt"
version = "1.14.1"
description = "Module for decorators, wrappers and monkey patching."
category = "main"
optional = false
python-versions = "!=3.0.*,!=3.1.*,!=3.2.*,!=3.3.*,!=3.4.*,>=2.7"

[[package]]
name = "xlrd"
version = "2.0.1"
description = "Library for developers to extract data from Microsoft Excel (tm) .xls spreadsheet files"
category = "main"
optional = false
python-versions = ">=2.7, !=3.0.*, !=3.1.*, !=3.2.*, !=3.3.*, !=3.4.*, !=3.5.*"

[package.extras]
test = ["pytest-cov", "pytest"]
docs = ["sphinx"]
build = ["twine", "wheel"]

[metadata]
lock-version = "1.1"
python-versions = "^3.10"
content-hash = "d5152f68b15aefc75e1b1486cc91ed0e9c7fb3c66ea8a09b68716e3ee2ccdec3"

[metadata.files]
amqp = []
argon2-cffi = []
asgiref = [
    {file = "asgiref-3.5.2-py3-none-any.whl", hash = "sha256:1d2880b792ae8757289136f1db2b7b99100ce959b2aa57fd69dab783d05afac4"},
    {file = "asgiref-3.5.2.tar.gz", hash = "sha256:4a29362a6acebe09bf1d6640db38c1dc3d9217c68e6f9f6204d72667fc19a424"},
]
async-timeout = []
certifi = []
cffi = []
charset-normalizer = [
    {file = "charset-normalizer-2.0.12.tar.gz", hash = "sha256:2857e29ff0d34db842cd7ca3230549d1a697f96ee6d3fb071cfa6c7393832597"},
    {file = "charset_normalizer-2.0.12-py3-none-any.whl", hash = "sha256:6881edbebdb17b39b4eaaa821b438bf6eddffb4468cf344f09f89def34a8b1df"},
]
deprecated = []
deworld = []
django = []
django-redis = []
django-test-without-migrations = []
gunicorn = []
hiredis = []
idna = [
    {file = "idna-3.3-py3-none-any.whl", hash = "sha256:84d9dd047ffa80596e0f246e2eab0b391788b0503584e8945f2368256d2735ff"},
    {file = "idna-3.3.tar.gz", hash = "sha256:9d643ff0a55b762d5cdb124b8eaa99c66322e2157b69160bc32796e824360e6d"},
]
jinja2 = []
kombu = []
markdown = []
markupsafe = []
packaging = [
    {file = "packaging-21.3-py3-none-any.whl", hash = "sha256:ef103e05f519cdc783ae24ea4e2e0f508a9c99b2d4969652eed6a2e1ea5bd522"},
    {file = "packaging-21.3.tar.gz", hash = "sha256:dd47c42927d89ab911e606518907cc2d3a1f38bbd026385970643f9c5b8ecfeb"},
]
postmarkup = []
protobuf = []
psutil = []
psycopg2 = []
pycparser = []
pynames = []
pyparsing = [
    {file = "pyparsing-3.0.9-py3-none-any.whl", hash = "sha256:5026bae9a10eeaefb61dab2f09052b9f4307d44aee4eda64b309723d8d206bbc"},
    {file = "pyparsing-3.0.9.tar.gz", hash = "sha256:2b020ecf7d21b687f219b71ecad3631f644a47f01403fa1d1036b0c6416d70fb"},
]
pytz = []
questgen = []
redis = []
rels = []
requests = []
sentry-sdk = []
smart-imports = []
sqlparse = []
tt-calendar = []
tt-logic = []
tt-protocol = []
typeguard = []
unicodecsv = []
urllib3 = []
utg = []
vine = []
wrapt = []
xlrd = []
