[[package]]
name = "aiodns"
version = "3.0.0"
description = "Simple DNS resolver for asyncio"
category = "main"
optional = false
python-versions = "*"

[package.dependencies]
pycares = ">=4.0.0"

[[package]]
name = "aiohttp"
version = "3.7.4.post0"
description = "Async http client/server framework (asyncio)"
category = "main"
optional = false
python-versions = ">=3.6"

[package.dependencies]
async-timeout = ">=3.0,<4.0"
attrs = ">=17.3.0"
chardet = ">=2.0,<5.0"
multidict = ">=4.5,<7.0"
typing-extensions = ">=3.6.5"
yarl = ">=1.0,<2.0"

[package.extras]
speedups = ["cchardet", "brotlipy", "aiodns"]

[[package]]
name = "aiopg"
version = "1.3.3"
description = "Postgres integration with asyncio."
category = "main"
optional = false
python-versions = ">=3.6"

[package.dependencies]
async-timeout = ">=3.0,<5.0"
psycopg2-binary = ">=2.8.4"

[package.extras]
sa = ["sqlalchemy[postgresql_psycopg2binary] (>=1.3,<1.5)"]

[[package]]
name = "asgiref"
version = "3.5.2"
description = "ASGI specs, helper code, and adapters"
category = "main"
optional = false
python-versions = ">=3.7"

[package.extras]
tests = ["pytest", "pytest-asyncio", "mypy (>=0.800)"]

[[package]]
name = "async-timeout"
version = "3.0.1"
description = "Timeout context manager for asyncio programs"
category = "main"
optional = false
python-versions = ">=3.5.3"

[[package]]
name = "attrs"
version = "22.1.0"
description = "Classes Without Boilerplate"
category = "main"
optional = false
python-versions = ">=3.5"

[package.extras]
dev = ["coverage[toml] (>=5.0.2)", "hypothesis", "pympler", "pytest (>=4.3.0)", "mypy (>=0.900,!=0.940)", "pytest-mypy-plugins", "zope.interface", "furo", "sphinx", "sphinx-notfound-page", "pre-commit", "cloudpickle"]
docs = ["furo", "sphinx", "zope.interface", "sphinx-notfound-page"]
tests = ["coverage[toml] (>=5.0.2)", "hypothesis", "pympler", "pytest (>=4.3.0)", "mypy (>=0.900,!=0.940)", "pytest-mypy-plugins", "zope.interface", "cloudpickle"]
tests_no_zope = ["coverage[toml] (>=5.0.2)", "hypothesis", "pympler", "pytest (>=4.3.0)", "mypy (>=0.900,!=0.940)", "pytest-mypy-plugins", "cloudpickle"]

[[package]]
name = "cchardet"
version = "2.1.7"
description = "cChardet is high speed universal character encoding detector."
category = "main"
optional = false
python-versions = "*"

[[package]]
name = "cffi"
version = "1.15.1"
description = "Foreign Function Interface for Python calling C code."
category = "main"
optional = false
python-versions = "*"

[package.dependencies]
pycparser = "*"

[[package]]
name = "chardet"
version = "4.0.0"
description = "Universal encoding detector for Python 2 and 3"
category = "main"
optional = false
python-versions = ">=2.7, !=3.0.*, !=3.1.*, !=3.2.*, !=3.3.*, !=3.4.*"

[[package]]
name = "django"
version = "3.2.15"
description = "A high-level Python Web framework that encourages rapid development and clean, pragmatic design."
category = "main"
optional = false
python-versions = ">=3.6"

[package.dependencies]
asgiref = ">=3.3.2,<4"
pytz = "*"
sqlparse = ">=0.2.2"

[package.extras]
bcrypt = ["bcrypt"]
argon2 = ["argon2-cffi (>=19.1.0)"]

[[package]]
name = "idna"
version = "3.3"
description = "Internationalized Domain Names in Applications (IDNA)"
category = "main"
optional = false
python-versions = ">=3.5"

[[package]]
name = "multidict"
version = "6.0.2"
description = "multidict implementation"
category = "main"
optional = false
python-versions = ">=3.7"

[[package]]
name = "protobuf"
version = "3.19.1"
description = "Protocol Buffers"
category = "main"
optional = false
python-versions = ">=3.5"

[[package]]
name = "psycopg2-binary"
version = "2.9.3"
description = "psycopg2 - Python-PostgreSQL Database Adapter"
category = "main"
optional = false
python-versions = ">=3.6"

[[package]]
name = "py-cord"
version = "1.7.3"
description = "A Python wrapper for the Discord API"
category = "main"
optional = false
python-versions = ">=3.5.3"

[package.dependencies]
aiohttp = ">=3.6.0,<3.8.0"

[package.extras]
voice = ["PyNaCl (>=1.3.0,<1.5)"]
docs = ["sphinxcontrib-websupport", "sphinxcontrib-trio (==1.1.2)", "sphinx (==3.0.3)"]

[[package]]
name = "pycares"
version = "4.2.2"
description = "Python interface for c-ares"
category = "main"
optional = false
python-versions = "*"

[package.dependencies]
cffi = ">=1.5.0"

[package.extras]
idna = ["idna (>=2.1)"]

[[package]]
name = "pycparser"
version = "2.21"
description = "C parser in Python"
category = "main"
optional = false
python-versions = ">=2.7, !=3.0.*, !=3.1.*, !=3.2.*, !=3.3.*"

[[package]]
name = "pytz"
version = "2022.2.1"
description = "World timezone definitions, modern and historical"
category = "main"
optional = false
python-versions = "*"

[[package]]
name = "sqlparse"
version = "0.4.2"
description = "A non-validating SQL parser."
category = "main"
optional = false
python-versions = ">=3.5"

[[package]]
name = "tt-protocol"
version = "0.1"
description = "The Tale protocol buffers communication protocol desctiption."
category = "main"
optional = false
python-versions = "^3.10"
develop = true

[package.dependencies]
protobuf = "3.19.1"

[package.source]
type = "directory"
url = "../tt_protocol"

[[package]]
name = "tt-web"
version = "0.1"
description = "Web framework for The Tale."
category = "main"
optional = false
python-versions = "^3.10"
develop = true

[package.dependencies]
aiodns = "3.0.0"
aiohttp = ">=3.7"
aiopg = "1.3.3"
cchardet = "2.1.7"
Django = "3.2.15"
yarl = "1.7.2"

[package.source]
type = "directory"
url = "../tt_web"

[[package]]
name = "typing-extensions"
version = "4.3.0"
description = "Backported and Experimental Type Hints for Python 3.7+"
category = "main"
optional = false
python-versions = ">=3.7"

[[package]]
name = "yarl"
version = "1.7.2"
description = "Yet another URL library"
category = "main"
optional = false
python-versions = ">=3.6"

[package.dependencies]
idna = ">=2.0"
multidict = ">=4.0"

[extras]
py-cord = []

[metadata]
lock-version = "1.1"
python-versions = "^3.10"
content-hash = "509868dc7e36d7c509701c2bb76d5d4469cdf3d5e768b29a506574a24df481db"

[metadata.files]
aiodns = []
aiohttp = []
aiopg = []
asgiref = [
    {file = "asgiref-3.5.2-py3-none-any.whl", hash = "sha256:1d2880b792ae8757289136f1db2b7b99100ce959b2aa57fd69dab783d05afac4"},
    {file = "asgiref-3.5.2.tar.gz", hash = "sha256:4a29362a6acebe09bf1d6640db38c1dc3d9217c68e6f9f6204d72667fc19a424"},
]
async-timeout = []
attrs = []
cchardet = []
cffi = []
chardet = []
django = []
idna = [
    {file = "idna-3.3-py3-none-any.whl", hash = "sha256:84d9dd047ffa80596e0f246e2eab0b391788b0503584e8945f2368256d2735ff"},
    {file = "idna-3.3.tar.gz", hash = "sha256:9d643ff0a55b762d5cdb124b8eaa99c66322e2157b69160bc32796e824360e6d"},
]
multidict = []
protobuf = []
psycopg2-binary = []
py-cord = []
pycares = []
pycparser = []
pytz = []
sqlparse = []
tt-protocol = []
tt-web = []
typing-extensions = []
yarl = []
