[[package]]
name = "protobuf"
version = "3.19.1"
description = "Protocol Buffers"
category = "main"
optional = false
python-versions = ">=3.5"

[metadata]
lock-version = "1.1"
python-versions = "^3.10"
content-hash = "bff97ed89bdaa2a02d0c025907cb2bc5413cd8b84e1e003044495bd342357694"

[metadata.files]
protobuf = []
